
Microsoft Visual Studio Solution File, Format Version 12.00
# Visual Studio Version 17
VisualStudioVersion = 17.9.34616.47
MinimumVisualStudioVersion = 10.0.40219.1
Project("{FAE04EC0-301F-11D3-BF4B-00C04F79EFBC}") = "Route Session 05", "Route Session 05.csproj", "{6FC8029E-D11C-4CEB-89F3-F54553AD00F1}"
EndProject
Global
	GlobalSection(SolutionConfigurationPlatforms) = preSolution
		Debug|Any CPU = Debug|Any CPU
		Release|Any CPU = Release|Any CPU
	EndGlobalSection
	GlobalSection(ProjectConfigurationPlatforms) = postSolution
		{6FC8029E-D11C-4CEB-89F3-F54553AD00F1}.Debug|Any CPU.ActiveCfg = Debug|Any CPU
		{6FC8029E-D11C-4CEB-89F3-F54553AD00F1}.Debug|Any CPU.Build.0 = Debug|Any CPU
		{6FC8029E-D11C-4CEB-89F3-F54553AD00F1}.Release|Any CPU.ActiveCfg = Release|Any CPU
		{6FC8029E-D11C-4CEB-89F3-F54553AD00F1}.Release|Any CPU.Build.0 = Release|Any CPU
	EndGlobalSection
	GlobalSection(SolutionProperties) = preSolution
		HideSolutionNode = FALSE
	EndGlobalSection
	GlobalSection(ExtensibilityGlobals) = postSolution
		SolutionGuid = {8AB93FC0-7AB1-4EB8-8F4D-B43E0E4E9D7A}
	EndGlobalSection
EndGlobal
